// !$*UTF8*$!
{
	archiveVersion = 1;
	classes = {
	};
	objectVersion = 56;
	objects = {

/* Begin PBXBuildFile section */
		651E0D1B2B50D69A0007DC22 /* landmarkApp.swift in Sources */ = {isa = PBXBuildFile; fileRef = 651E0D1A2B50D69A0007DC22 /* landmarkApp.swift */; };
		651E0D1D2B50D69A0007DC22 /* ContentView.swift in Sources */ = {isa = PBXBuildFile; fileRef = 651E0D1C2B50D69A0007DC22 /* ContentView.swift */; };
		651E0D1F2B50D69C0007DC22 /* Assets.xcassets in Resources */ = {isa = PBXBuildFile; fileRef = 651E0D1E2B50D69C0007DC22 /* Assets.xcassets */; };
		651E0D222B50D69C0007DC22 /* Preview Assets.xcassets in Resources */ = {isa = PBXBuildFile; fileRef = 651E0D212B50D69C0007DC22 /* Preview Assets.xcassets */; };
		651E0D292B50D7F30007DC22 /* CircleImage.swift in Sources */ = {isa = PBXBuildFile; fileRef = 651E0D282B50D7F30007DC22 /* CircleImage.swift */; };
		651E0D2B2B50D83F0007DC22 /* MapView.swift in Sources */ = {isa = PBXBuildFile; fileRef = 651E0D2A2B50D83F0007DC22 /* MapView.swift */; };
		651E0D2D2B50DAF20007DC22 /* landmarkData.json in Resources */ = {isa = PBXBuildFile; fileRef = 651E0D2C2B50DAF20007DC22 /* landmarkData.json */; };
		651E0D2F2B50DB090007DC22 /* Landmark.swift in Sources */ = {isa = PBXBuildFile; fileRef = 651E0D2E2B50DB090007DC22 /* Landmark.swift */; };
		651E0D312B50DCA10007DC22 /* ModelData.swift in Sources */ = {isa = PBXBuildFile; fileRef = 651E0D302B50DCA10007DC22 /* ModelData.swift */; };
		651E0D362B50DE210007DC22 /* LandmarkRow.swift in Sources */ = {isa = PBXBuildFile; fileRef = 651E0D352B50DE210007DC22 /* LandmarkRow.swift */; };
		651E0D382B50DECB0007DC22 /* LandmarkList.swift in Sources */ = {isa = PBXBuildFile; fileRef = 651E0D372B50DECB0007DC22 /* LandmarkList.swift */; };
		651E0D3A2B50DF260007DC22 /* LandmarkDetail.swift in Sources */ = {isa = PBXBuildFile; fileRef = 651E0D392B50DF260007DC22 /* LandmarkDetail.swift */; };
		651E0D3C2B5389280007DC22 /* FavoriteButton.swift in Sources */ = {isa = PBXBuildFile; fileRef = 651E0D3B2B5389280007DC22 /* FavoriteButton.swift */; };
		6538C2932B54E213003BF030 /* BadgeSymbol.swift in Sources */ = {isa = PBXBuildFile; fileRef = 6538C2922B54E213003BF030 /* BadgeSymbol.swift */; };
		6538C2952B54E298003BF030 /* RotatedBadgeSymbol.swift in Sources */ = {isa = PBXBuildFile; fileRef = 6538C2942B54E298003BF030 /* RotatedBadgeSymbol.swift */; };
		6538C2972B54E30E003BF030 /* Badge.swift in Sources */ = {isa = PBXBuildFile; fileRef = 6538C2962B54E30E003BF030 /* Badge.swift */; };
		6538C29A2B5635F8003BF030 /* hikeData.json in Resources */ = {isa = PBXBuildFile; fileRef = 6538C2992B5635F8003BF030 /* hikeData.json */; };
		6538C29C2B56365C003BF030 /* Hike.swift in Sources */ = {isa = PBXBuildFile; fileRef = 6538C29B2B56365C003BF030 /* Hike.swift */; };
		65CDBA992B53B4F9000E8ED5 /* HexagonParameters.swift in Sources */ = {isa = PBXBuildFile; fileRef = 65CDBA982B53B4F9000E8ED5 /* HexagonParameters.swift */; };
		65CDBA9B2B53B89B000E8ED5 /* BadgeBackground.swift in Sources */ = {isa = PBXBuildFile; fileRef = 65CDBA9A2B53B89B000E8ED5 /* BadgeBackground.swift */; };
/* End PBXBuildFile section */

/* Begin PBXFileReference section */
		651E0D172B50D69A0007DC22 /* landmark.app */ = {isa = PBXFileReference; explicitFileType = wrapper.application; includeInIndex = 0; path = landmark.app; sourceTree = BUILT_PRODUCTS_DIR; };
		651E0D1A2B50D69A0007DC22 /* landmarkApp.swift */ = {isa = PBXFileReference; lastKnownFileType = sourcecode.swift; path = landmarkApp.swift; sourceTree = "<group>"; };
		651E0D1C2B50D69A0007DC22 /* ContentView.swift */ = {isa = PBXFileReference; lastKnownFileType = sourcecode.swift; path = ContentView.swift; sourceTree = "<group>"; };
		651E0D1E2B50D69C0007DC22 /* Assets.xcassets */ = {isa = PBXFileReference; lastKnownFileType = folder.assetcatalog; path = Assets.xcassets; sourceTree = "<group>"; };
		651E0D212B50D69C0007DC22 /* Preview Assets.xcassets */ = {isa = PBXFileReference; lastKnownFileType = folder.assetcatalog; path = "Preview Assets.xcassets"; sourceTree = "<group>"; };
		651E0D282B50D7F30007DC22 /* CircleImage.swift */ = {isa = PBXFileReference; lastKnownFileType = sourcecode.swift; path = CircleImage.swift; sourceTree = "<group>"; };
		651E0D2A2B50D83F0007DC22 /* MapView.swift */ = {isa = PBXFileReference; lastKnownFileType = sourcecode.swift; path = MapView.swift; sourceTree = "<group>"; };
		651E0D2C2B50DAF20007DC22 /* landmarkData.json */ = {isa = PBXFileReference; fileEncoding = 4; lastKnownFileType = text.json; path = landmarkData.json; sourceTree = "<group>"; };
		651E0D2E2B50DB090007DC22 /* Landmark.swift */ = {isa = PBXFileReference; lastKnownFileType = sourcecode.swift; path = Landmark.swift; sourceTree = "<group>"; };
		651E0D302B50DCA10007DC22 /* ModelData.swift */ = {isa = PBXFileReference; lastKnownFileType = sourcecode.swift; path = ModelData.swift; sourceTree = "<group>"; };
		651E0D352B50DE210007DC22 /* LandmarkRow.swift */ = {isa = PBXFileReference; lastKnownFileType = sourcecode.swift; path = LandmarkRow.swift; sourceTree = "<group>"; };
		651E0D372B50DECB0007DC22 /* LandmarkList.swift */ = {isa = PBXFileReference; lastKnownFileType = sourcecode.swift; path = LandmarkList.swift; sourceTree = "<group>"; };
		651E0D392B50DF260007DC22 /* LandmarkDetail.swift */ = {isa = PBXFileReference; lastKnownFileType = sourcecode.swift; path = LandmarkDetail.swift; sourceTree = "<group>"; };
		651E0D3B2B5389280007DC22 /* FavoriteButton.swift */ = {isa = PBXFileReference; lastKnownFileType = sourcecode.swift; path = FavoriteButton.swift; sourceTree = "<group>"; };
		6538C2922B54E213003BF030 /* BadgeSymbol.swift */ = {isa = PBXFileReference; lastKnownFileType = sourcecode.swift; path = BadgeSymbol.swift; sourceTree = "<group>"; };
		6538C2942B54E298003BF030 /* RotatedBadgeSymbol.swift */ = {isa = PBXFileReference; lastKnownFileType = sourcecode.swift; path = RotatedBadgeSymbol.swift; sourceTree = "<group>"; };
		6538C2962B54E30E003BF030 /* Badge.swift */ = {isa = PBXFileReference; lastKnownFileType = sourcecode.swift; path = Badge.swift; sourceTree = "<group>"; };
		6538C2992B5635F8003BF030 /* hikeData.json */ = {isa = PBXFileReference; fileEncoding = 4; lastKnownFileType = text.json; path = hikeData.json; sourceTree = "<group>"; };
		6538C29B2B56365C003BF030 /* Hike.swift */ = {isa = PBXFileReference; lastKnownFileType = sourcecode.swift; path = Hike.swift; sourceTree = "<group>"; };
		65CDBA982B53B4F9000E8ED5 /* HexagonParameters.swift */ = {isa = PBXFileReference; lastKnownFileType = sourcecode.swift; path = HexagonParameters.swift; sourceTree = "<group>"; };
		65CDBA9A2B53B89B000E8ED5 /* BadgeBackground.swift */ = {isa = PBXFileReference; lastKnownFileType = sourcecode.swift; path = BadgeBackground.swift; sourceTree = "<group>"; };
/* End PBXFileReference section */

/* Begin PBXFrameworksBuildPhase section */
		651E0D142B50D69A0007DC22 /* Frameworks */ = {
			isa = PBXFrameworksBuildPhase;
			buildActionMask = 2147483647;
			files = (
			);
			runOnlyForDeploymentPostprocessing = 0;
		};
/* End PBXFrameworksBuildPhase section */

/* Begin PBXGroup section */
		651E0D0E2B50D69A0007DC22 = {
			isa = PBXGroup;
			children = (
				651E0D192B50D69A0007DC22 /* landmark */,
				651E0D182B50D69A0007DC22 /* Products */,
			);
			sourceTree = "<group>";
		};
		651E0D182B50D69A0007DC22 /* Products */ = {
			isa = PBXGroup;
			children = (
				651E0D172B50D69A0007DC22 /* landmark.app */,
			);
			name = Products;
			sourceTree = "<group>";
		};
		651E0D192B50D69A0007DC22 /* landmark */ = {
			isa = PBXGroup;
			children = (
				651E0D1A2B50D69A0007DC22 /* landmarkApp.swift */,
				651E0D322B50DDC70007DC22 /* Views */,
				651E0D332B50DDCC0007DC22 /* Model */,
				651E0D342B50DDD00007DC22 /* Resources */,
				651E0D1E2B50D69C0007DC22 /* Assets.xcassets */,
				651E0D202B50D69C0007DC22 /* Preview Content */,
			);
			path = landmark;
			sourceTree = "<group>";
		};
		651E0D202B50D69C0007DC22 /* Preview Content */ = {
			isa = PBXGroup;
			children = (
				651E0D212B50D69C0007DC22 /* Preview Assets.xcassets */,
			);
			path = "Preview Content";
			sourceTree = "<group>";
		};
		651E0D322B50DDC70007DC22 /* Views */ = {
			isa = PBXGroup;
			children = (
				6538C2982B54E3EB003BF030 /* Badges */,
				651E0D1C2B50D69A0007DC22 /* ContentView.swift */,
				651E0D3D2B5389730007DC22 /* Landmarks */,
				651E0D3E2B5389770007DC22 /* Helper */,
			);
			path = Views;
			sourceTree = "<group>";
		};
		651E0D332B50DDCC0007DC22 /* Model */ = {
			isa = PBXGroup;
			children = (
				651E0D2E2B50DB090007DC22 /* Landmark.swift */,
				651E0D302B50DCA10007DC22 /* ModelData.swift */,
				6538C29B2B56365C003BF030 /* Hike.swift */,
			);
			path = Model;
			sourceTree = "<group>";
		};
		651E0D342B50DDD00007DC22 /* Resources */ = {
			isa = PBXGroup;
			children = (
				6538C2992B5635F8003BF030 /* hikeData.json */,
				651E0D2C2B50DAF20007DC22 /* landmarkData.json */,
			);
			path = Resources;
			sourceTree = "<group>";
		};
		651E0D3D2B5389730007DC22 /* Landmarks */ = {
			isa = PBXGroup;
			children = (
				651E0D352B50DE210007DC22 /* LandmarkRow.swift */,
				651E0D372B50DECB0007DC22 /* LandmarkList.swift */,
				651E0D392B50DF260007DC22 /* LandmarkDetail.swift */,
			);
			path = Landmarks;
			sourceTree = "<group>";
		};
		651E0D3E2B5389770007DC22 /* Helper */ = {
			isa = PBXGroup;
			children = (
				651E0D282B50D7F30007DC22 /* CircleImage.swift */,
				651E0D3B2B5389280007DC22 /* FavoriteButton.swift */,
				651E0D2A2B50D83F0007DC22 /* MapView.swift */,
			);
			path = Helper;
			sourceTree = "<group>";
		};
		6538C2982B54E3EB003BF030 /* Badges */ = {
			isa = PBXGroup;
			children = (
				6538C2922B54E213003BF030 /* BadgeSymbol.swift */,
				65CDBA9A2B53B89B000E8ED5 /* BadgeBackground.swift */,
				6538C2962B54E30E003BF030 /* Badge.swift */,
				6538C2942B54E298003BF030 /* RotatedBadgeSymbol.swift */,
				65CDBA982B53B4F9000E8ED5 /* HexagonParameters.swift */,
			);
			path = Badges;
			sourceTree = "<group>";
		};
/* End PBXGroup section */

/* Begin PBXNativeTarget section */
		651E0D162B50D69A0007DC22 /* landmark */ = {
			isa = PBXNativeTarget;
			buildConfigurationList = 651E0D252B50D69C0007DC22 /* Build configuration list for PBXNativeTarget "landmark" */;
			buildPhases = (
				651E0D132B50D69A0007DC22 /* Sources */,
				651E0D142B50D69A0007DC22 /* Frameworks */,
				651E0D152B50D69A0007DC22 /* Resources */,
			);
			buildRules = (
			);
			dependencies = (
			);
			name = landmark;
			productName = landmark;
			productReference = 651E0D172B50D69A0007DC22 /* landmark.app */;
			productType = "com.apple.product-type.application";
		};
/* End PBXNativeTarget section */

/* Begin PBXProject section */
		651E0D0F2B50D69A0007DC22 /* Project object */ = {
			isa = PBXProject;
			attributes = {
				BuildIndependentTargetsInParallel = 1;
				LastSwiftUpdateCheck = 1520;
				LastUpgradeCheck = 1520;
				TargetAttributes = {
					651E0D162B50D69A0007DC22 = {
						CreatedOnToolsVersion = 15.2;
					};
				};
			};
			buildConfigurationList = 651E0D122B50D69A0007DC22 /* Build configuration list for PBXProject "landmark" */;
			compatibilityVersion = "Xcode 14.0";
			developmentRegion = en;
			hasScannedForEncodings = 0;
			knownRegions = (
				en,
				Base,
			);
			mainGroup = 651E0D0E2B50D69A0007DC22;
			productRefGroup = 651E0D182B50D69A0007DC22 /* Products */;
			projectDirPath = "";
			projectRoot = "";
			targets = (
				651E0D162B50D69A0007DC22 /* landmark */,
			);
		};
/* End PBXProject section */

/* Begin PBXResourcesBuildPhase section */
		651E0D152B50D69A0007DC22 /* Resources */ = {
			isa = PBXResourcesBuildPhase;
			buildActionMask = 2147483647;
			files = (
				6538C29A2B5635F8003BF030 /* hikeData.json in Resources */,
				651E0D222B50D69C0007DC22 /* Preview Assets.xcassets in Resources */,
				651E0D1F2B50D69C0007DC22 /* Assets.xcassets in Resources */,
				651E0D2D2B50DAF20007DC22 /* landmarkData.json in Resources */,
			);
			runOnlyForDeploymentPostprocessing = 0;
		};
/* End PBXResourcesBuildPhase section */

/* Begin PBXSourcesBuildPhase section */
		651E0D132B50D69A0007DC22 /* Sources */ = {
			isa = PBXSourcesBuildPhase;
			buildActionMask = 2147483647;
			files = (
				651E0D1D2B50D69A0007DC22 /* ContentView.swift in Sources */,
				6538C2972B54E30E003BF030 /* Badge.swift in Sources */,
				651E0D2B2B50D83F0007DC22 /* MapView.swift in Sources */,
				651E0D1B2B50D69A0007DC22 /* landmarkApp.swift in Sources */,
				651E0D3C2B5389280007DC22 /* FavoriteButton.swift in Sources */,
				65CDBA992B53B4F9000E8ED5 /* HexagonParameters.swift in Sources */,
				6538C29C2B56365C003BF030 /* Hike.swift in Sources */,
				6538C2952B54E298003BF030 /* RotatedBadgeSymbol.swift in Sources */,
				6538C2932B54E213003BF030 /* BadgeSymbol.swift in Sources */,
				651E0D382B50DECB0007DC22 /* LandmarkList.swift in Sources */,
				651E0D3A2B50DF260007DC22 /* LandmarkDetail.swift in Sources */,
				65CDBA9B2B53B89B000E8ED5 /* BadgeBackground.swift in Sources */,
				651E0D292B50D7F30007DC22 /* CircleImage.swift in Sources */,
				651E0D2F2B50DB090007DC22 /* Landmark.swift in Sources */,
				651E0D362B50DE210007DC22 /* LandmarkRow.swift in Sources */,
				651E0D312B50DCA10007DC22 /* ModelData.swift in Sources */,
			);
			runOnlyForDeploymentPostprocessing = 0;
		};
/* End PBXSourcesBuildPhase section */

/* Begin XCBuildConfiguration section */
		651E0D232B50D69C0007DC22 /* Debug */ = {
			isa = XCBuildConfiguration;
			buildSettings = {
				ALWAYS_SEARCH_USER_PATHS = NO;
				ASSETCATALOG_COMPILER_GENERATE_SWIFT_ASSET_SYMBOL_EXTENSIONS = YES;
				CLANG_ANALYZER_NONNULL = YES;
				CLANG_ANALYZER_NUMBER_OBJECT_CONVERSION = YES_AGGRESSIVE;
				CLANG_CXX_LANGUAGE_STANDARD = "gnu++20";
				CLANG_ENABLE_MODULES = YES;
				CLANG_ENABLE_OBJC_ARC = YES;
				CLANG_ENABLE_OBJC_WEAK = YES;
				CLANG_WARN_BLOCK_CAPTURE_AUTORELEASING = YES;
				CLANG_WARN_BOOL_CONVERSION = YES;
				CLANG_WARN_COMMA = YES;
				CLANG_WARN_CONSTANT_CONVERSION = YES;
				CLANG_WARN_DEPRECATED_OBJC_IMPLEMENTATIONS = YES;
				CLANG_WARN_DIRECT_OBJC_ISA_USAGE = YES_ERROR;
				CLANG_WARN_DOCUMENTATION_COMMENTS = YES;
				CLANG_WARN_EMPTY_BODY = YES;
				CLANG_WARN_ENUM_CONVERSION = YES;
				CLANG_WARN_INFINITE_RECURSION = YES;
				CLANG_WARN_INT_CONVERSION = YES;
				CLANG_WARN_NON_LITERAL_NULL_CONVERSION = YES;
				CLANG_WARN_OBJC_IMPLICIT_RETAIN_SELF = YES;
				CLANG_WARN_OBJC_LITERAL_CONVERSION = YES;
				CLANG_WARN_OBJC_ROOT_CLASS = YES_ERROR;
				CLANG_WARN_QUOTED_INCLUDE_IN_FRAMEWORK_HEADER = YES;
				CLANG_WARN_RANGE_LOOP_ANALYSIS = YES;
				CLANG_WARN_STRICT_PROTOTYPES = YES;
				CLANG_WARN_SUSPICIOUS_MOVE = YES;
				CLANG_WARN_UNGUARDED_AVAILABILITY = YES_AGGRESSIVE;
				CLANG_WARN_UNREACHABLE_CODE = YES;
				CLANG_WARN__DUPLICATE_METHOD_MATCH = YES;
				COPY_PHASE_STRIP = NO;
				DEBUG_INFORMATION_FORMAT = dwarf;
				ENABLE_STRICT_OBJC_MSGSEND = YES;
				ENABLE_TESTABILITY = YES;
				ENABLE_USER_SCRIPT_SANDBOXING = YES;
				GCC_C_LANGUAGE_STANDARD = gnu17;
				GCC_DYNAMIC_NO_PIC = NO;
				GCC_NO_COMMON_BLOCKS = YES;
				GCC_OPTIMIZATION_LEVEL = 0;
				GCC_PREPROCESSOR_DEFINITIONS = (
					"DEBUG=1",
					"$(inherited)",
				);
				GCC_WARN_64_TO_32_BIT_CONVERSION = YES;
				GCC_WARN_ABOUT_RETURN_TYPE = YES_ERROR;
				GCC_WARN_UNDECLARED_SELECTOR = YES;
				GCC_WARN_UNINITIALIZED_AUTOS = YES_AGGRESSIVE;
				GCC_WARN_UNUSED_FUNCTION = YES;
				GCC_WARN_UNUSED_VARIABLE = YES;
				IPHONEOS_DEPLOYMENT_TARGET = 17.2;
				LOCALIZATION_PREFERS_STRING_CATALOGS = YES;
				MTL_ENABLE_DEBUG_INFO = INCLUDE_SOURCE;
				MTL_FAST_MATH = YES;
				ONLY_ACTIVE_ARCH = YES;
				SDKROOT = iphoneos;
				SWIFT_ACTIVE_COMPILATION_CONDITIONS = "DEBUG $(inherited)";
				SWIFT_OPTIMIZATION_LEVEL = "-Onone";
			};
			name = Debug;
		};
		651E0D242B50D69C0007DC22 /* Release */ = {
			isa = XCBuildConfiguration;
			buildSettings = {
				ALWAYS_SEARCH_USER_PATHS = NO;
				ASSETCATALOG_COMPILER_GENERATE_SWIFT_ASSET_SYMBOL_EXTENSIONS = YES;
				CLANG_ANALYZER_NONNULL = YES;
				CLANG_ANALYZER_NUMBER_OBJECT_CONVERSION = YES_AGGRESSIVE;
				CLANG_CXX_LANGUAGE_STANDARD = "gnu++20";
				CLANG_ENABLE_MODULES = YES;
				CLANG_ENABLE_OBJC_ARC = YES;
				CLANG_ENABLE_OBJC_WEAK = YES;
				CLANG_WARN_BLOCK_CAPTURE_AUTORELEASING = YES;
				CLANG_WARN_BOOL_CONVERSION = YES;
				CLANG_WARN_COMMA = YES;
				CLANG_WARN_CONSTANT_CONVERSION = YES;
				CLANG_WARN_DEPRECATED_OBJC_IMPLEMENTATIONS = YES;
				CLANG_WARN_DIRECT_OBJC_ISA_USAGE = YES_ERROR;
				CLANG_WARN_DOCUMENTATION_COMMENTS = YES;
				CLANG_WARN_EMPTY_BODY = YES;
				CLANG_WARN_ENUM_CONVERSION = YES;
				CLANG_WARN_INFINITE_RECURSION = YES;
				CLANG_WARN_INT_CONVERSION = YES;
				CLANG_WARN_NON_LITERAL_NULL_CONVERSION = YES;
				CLANG_WARN_OBJC_IMPLICIT_RETAIN_SELF = YES;
				CLANG_WARN_OBJC_LITERAL_CONVERSION = YES;
				CLANG_WARN_OBJC_ROOT_CLASS = YES_ERROR;
				CLANG_WARN_QUOTED_INCLUDE_IN_FRAMEWORK_HEADER = YES;
				CLANG_WARN_RANGE_LOOP_ANALYSIS = YES;
				CLANG_WARN_STRICT_PROTOTYPES = YES;
				CLANG_WARN_SUSPICIOUS_MOVE = YES;
				CLANG_WARN_UNGUARDED_AVAILABILITY = YES_AGGRESSIVE;
				CLANG_WARN_UNREACHABLE_CODE = YES;
				CLANG_WARN__DUPLICATE_METHOD_MATCH = YES;
				COPY_PHASE_STRIP = NO;
				DEBUG_INFORMATION_FORMAT = "dwarf-with-dsym";
				ENABLE_NS_ASSERTIONS = NO;
				ENABLE_STRICT_OBJC_MSGSEND = YES;
				ENABLE_USER_SCRIPT_SANDBOXING = YES;
				GCC_C_LANGUAGE_STANDARD = gnu17;
				GCC_NO_COMMON_BLOCKS = YES;
				GCC_WARN_64_TO_32_BIT_CONVERSION = YES;
				GCC_WARN_ABOUT_RETURN_TYPE = YES_ERROR;
				GCC_WARN_UNDECLARED_SELECTOR = YES;
				GCC_WARN_UNINITIALIZED_AUTOS = YES_AGGRESSIVE;
				GCC_WARN_UNUSED_FUNCTION = YES;
				GCC_WARN_UNUSED_VARIABLE = YES;
				IPHONEOS_DEPLOYMENT_TARGET = 17.2;
				LOCALIZATION_PREFERS_STRING_CATALOGS = YES;
				MTL_ENABLE_DEBUG_INFO = NO;
				MTL_FAST_MATH = YES;
				SDKROOT = iphoneos;
				SWIFT_COMPILATION_MODE = wholemodule;
				VALIDATE_PRODUCT = YES;
			};
			name = Release;
		};
		651E0D262B50D69C0007DC22 /* Debug */ = {
			isa = XCBuildConfiguration;
			buildSettings = {
				ASSETCATALOG_COMPILER_APPICON_NAME = AppIcon;
				ASSETCATALOG_COMPILER_GLOBAL_ACCENT_COLOR_NAME = AccentColor;
				CODE_SIGN_STYLE = Automatic;
				CURRENT_PROJECT_VERSION = 1;
				DEVELOPMENT_ASSET_PATHS = "\"landmark/Preview Content\"";
				DEVELOPMENT_TEAM = U7J6A6CHGG;
				ENABLE_PREVIEWS = YES;
				GENERATE_INFOPLIST_FILE = YES;
				INFOPLIST_KEY_UIApplicationSceneManifest_Generation = YES;
				INFOPLIST_KEY_UIApplicationSupportsIndirectInputEvents = YES;
				INFOPLIST_KEY_UILaunchScreen_Generation = YES;
				INFOPLIST_KEY_UISupportedInterfaceOrientations_iPad = "UIInterfaceOrientationPortrait UIInterfaceOrientationPortraitUpsideDown UIInterfaceOrientationLandscapeLeft UIInterfaceOrientationLandscapeRight";
				INFOPLIST_KEY_UISupportedInterfaceOrientations_iPhone = "UIInterfaceOrientationPortrait UIInterfaceOrientationLandscapeLeft UIInterfaceOrientationLandscapeRight";
				LD_RUNPATH_SEARCH_PATHS = (
					"$(inherited)",
					"@executable_path/Frameworks",
				);
				MARKETING_VERSION = 1.0;
				PRODUCT_BUNDLE_IDENTIFIER = derekkim.landmark;
				PRODUCT_NAME = "$(TARGET_NAME)";
				SWIFT_EMIT_LOC_STRINGS = YES;
				SWIFT_VERSION = 5.0;
				TARGETED_DEVICE_FAMILY = "1,2";
			};
			name = Debug;
		};
		651E0D272B50D69C0007DC22 /* Release */ = {
			isa = XCBuildConfiguration;
			buildSettings = {
				ASSETCATALOG_COMPILER_APPICON_NAME = AppIcon;
				ASSETCATALOG_COMPILER_GLOBAL_ACCENT_COLOR_NAME = AccentColor;
				CODE_SIGN_STYLE = Automatic;
				CURRENT_PROJECT_VERSION = 1;
				DEVELOPMENT_ASSET_PATHS = "\"landmark/Preview Content\"";
				DEVELOPMENT_TEAM = U7J6A6CHGG;
				ENABLE_PREVIEWS = YES;
				GENERATE_INFOPLIST_FILE = YES;
				INFOPLIST_KEY_UIApplicationSceneManifest_Generation = YES;
				INFOPLIST_KEY_UIApplicationSupportsIndirectInputEvents = YES;
				INFOPLIST_KEY_UILaunchScreen_Generation = YES;
				INFOPLIST_KEY_UISupportedInterfaceOrientations_iPad = "UIInterfaceOrientationPortrait UIInterfaceOrientationPortraitUpsideDown UIInterfaceOrientationLandscapeLeft UIInterfaceOrientationLandscapeRight";
				INFOPLIST_KEY_UISupportedInterfaceOrientations_iPhone = "UIInterfaceOrientationPortrait UIInterfaceOrientationLandscapeLeft UIInterfaceOrientationLandscapeRight";
				LD_RUNPATH_SEARCH_PATHS = (
					"$(inherited)",
					"@executable_path/Frameworks",
				);
				MARKETING_VERSION = 1.0;
				PRODUCT_BUNDLE_IDENTIFIER = derekkim.landmark;
				PRODUCT_NAME = "$(TARGET_NAME)";
				SWIFT_EMIT_LOC_STRINGS = YES;
				SWIFT_VERSION = 5.0;
				TARGETED_DEVICE_FAMILY = "1,2";
			};
			name = Release;
		};
/* End XCBuildConfiguration section */

/* Begin XCConfigurationList section */
		651E0D122B50D69A0007DC22 /* Build configuration list for PBXProject "landmark" */ = {
			isa = XCConfigurationList;
			buildConfigurations = (
				651E0D232B50D69C0007DC22 /* Debug */,
				651E0D242B50D69C0007DC22 /* Release */,
			);
			defaultConfigurationIsVisible = 0;
			defaultConfigurationName = Release;
		};
		651E0D252B50D69C0007DC22 /* Build configuration list for PBXNativeTarget "landmark" */ = {
			isa = XCConfigurationList;
			buildConfigurations = (
				651E0D262B50D69C0007DC22 /* Debug */,
				651E0D272B50D69C0007DC22 /* Release */,
			);
			defaultConfigurationIsVisible = 0;
			defaultConfigurationName = Release;
		};
/* End XCConfigurationList section */
	};
	rootObject = 651E0D0F2B50D69A0007DC22 /* Project object */;
}
